
Microsoft Visual Studio Solution File, Format Version 12.00
# Visual Studio Version 17
VisualStudioVersion = 17.14.36616.10 d17.14
MinimumVisualStudioVersion = 10.0.40219.1
Project("{FAE04EC0-301F-11D3-BF4B-00C04F79EFBC}") = "UR.RTDE.Grasshopper", "UR.RTDE.Grasshopper.csproj", "{93C16A63-6536-4082-8885-9CE8BBB01EAD}"
EndProject
Global
	GlobalSection(SolutionConfigurationPlatforms) = preSolution
		Debug|Any CPU = Debug|Any CPU
		Release|Any CPU = Release|Any CPU
	EndGlobalSection
	GlobalSection(ProjectConfigurationPlatforms) = postSolution
		{93C16A63-6536-4082-8885-9CE8BBB01EAD}.Debug|Any CPU.ActiveCfg = Debug|Any CPU
		{93C16A63-6536-4082-8885-9CE8BBB01EAD}.Debug|Any CPU.Build.0 = Debug|Any CPU
		{93C16A63-6536-4082-8885-9CE8BBB01EAD}.Release|Any CPU.ActiveCfg = Release|Any CPU
		{93C16A63-6536-4082-8885-9CE8BBB01EAD}.Release|Any CPU.Build.0 = Release|Any CPU
	EndGlobalSection
	GlobalSection(SolutionProperties) = preSolution
		HideSolutionNode = FALSE
	EndGlobalSection
	GlobalSection(ExtensibilityGlobals) = postSolution
		SolutionGuid = {493AA961-95DE-4DD8-AF8D-433183D17B99}
	EndGlobalSection
EndGlobal
